<?xml version="1.0" encoding="utf-8"?>
<Project ToolsVersion="4.0" xmlns="http://schemas.microsoft.com/developer/msbuild/2003">
  <ItemGroup>
    <Filter Include="Source Files">
      <UniqueIdentifier>{4FC737F1-C7A5-4376-A066-2A32D752A2FF}</UniqueIdentifier>
      <Extensions>cpp;c;cc;cxx;c++;cppm;ixx;def;odl;idl;hpj;bat;asm;asmx</Extensions>
    </Filter>
    <Filter Include="Header Files">
      <UniqueIdentifier>{93995380-89BD-4b04-88EB-625FBE52EBFB}</UniqueIdentifier>
      <Extensions>h;hh;hpp;hxx;h++;hm;inl;inc;ipp;xsd</Extensions>
    </Filter>
    <Filter Include="Resource Files">
      <UniqueIdentifier>{67DA6AB6-F800-4c08-8B7A-83BB121AAD01}</UniqueIdentifier>
      <Extensions>rc;ico;cur;bmp;dlg;rc2;rct;bin;rgs;gif;jpg;jpeg;jpe;resx;tiff;tif;png;wav;mfcribbon-ms</Extensions>
    </Filter>
    <Filter Include="Shader">
      <UniqueIdentifier>{2445632d-45b2-48e3-9e36-c49d256d53d6}</UniqueIdentifier>
    </Filter>
  </ItemGroup>
  <ItemGroup>
    <ClCompile Include="..\..\..\..\Resource\OpenGL\glad\glad.c">
      <Filter>Source Files</Filter>
    </ClCompile>
    <ClCompile Include="Main.cpp">
      <Filter>Source Files</Filter>
    </ClCompile>
    <ClCompile Include="Shader.cpp">
      <Filter>Source Files</Filter>
    </ClCompile>
    <ClCompile Include="Camera.cpp">
      <Filter>Source Files</Filter>
    </ClCompile>
    <ClCompile Include="hdrloader.cpp">
      <Filter>Source Files</Filter>
    </ClCompile>
  </ItemGroup>
  <ItemGroup>
    <ClInclude Include="headfile\Shader.h">
      <Filter>Header Files</Filter>
    </ClInclude>
    <ClInclude Include="headfile\stb_image.h">
      <Filter>Header Files</Filter>
    </ClInclude>
    <ClInclude Include="headfile\Camera.h">
      <Filter>Header Files</Filter>
    </ClInclude>
    <ClInclude Include="Headfile\mesh.h">
      <Filter>Header Files</Filter>
    </ClInclude>
    <ClInclude Include="Headfile\model.h">
      <Filter>Header Files</Filter>
    </ClInclude>
    <ClInclude Include="Headfile\hdrloader.h">
      <Filter>Header Files</Filter>
    </ClInclude>
  </ItemGroup>
  <ItemGroup>
    <None Include="packages.config" />
    <None Include="shader\shadervs.glsl" />
    <None Include="shader\pass1.glsl" />
    <None Include="shader\pass2.glsl" />
    <None Include="shader\pass3.glsl" />
  </ItemGroup>
  <ItemGroup>
    <Image Include="Rsrc\Textures\container.jpg">
      <Filter>Resource Files</Filter>
    </Image>
    <Image Include="Rsrc\Textures\awesomeface.png">
      <Filter>Resource Files</Filter>
    </Image>
    <Image Include="Rsrc\Textures\container2.png">
      <Filter>Resource Files</Filter>
    </Image>
    <Image Include="Rsrc\Textures\container2_specular.png">
      <Filter>Resource Files</Filter>
    </Image>
    <Image Include="Rsrc\Textures\lighting_maps_specular_color.png">
      <Filter>Resource Files</Filter>
    </Image>
    <Image Include="Rsrc\Textures\matrix.jpg">
      <Filter>Resource Files</Filter>
    </Image>
  </ItemGroup>
</Project>